
Microsoft Visual Studio Solution File, Format Version 12.00
# Visual Studio 14
VisualStudioVersion = 14.0.25420.1
MinimumVisualStudioVersion = 10.0.40219.1
Project("{159641D6-6404-4A2A-AE62-294DE0FE8301}") = "Fake Names Canada Homework Project", "Fake Names Canada Homework Project\Fake Names Canada Homework Project.dtproj", "{999D614F-8AFF-4E9B-B91D-90C1E78C5849}"
EndProject
Global
	GlobalSection(SolutionConfigurationPlatforms) = preSolution
		Development|Default = Development|Default
	EndGlobalSection
	GlobalSection(ProjectConfigurationPlatforms) = postSolution
		{999D614F-8AFF-4E9B-B91D-90C1E78C5849}.Development|Default.ActiveCfg = Development
		{999D614F-8AFF-4E9B-B91D-90C1E78C5849}.Development|Default.Build.0 = Development
	EndGlobalSection
	GlobalSection(SolutionProperties) = preSolution
		HideSolutionNode = FALSE
	EndGlobalSection
EndGlobal
